{
  "name": "@baijimu/digital-employee-connector",
  "version": "1.0.0",
  "lockfileVersion": 3,
  "requires": true,
  "packages": {
    "": {
      "name": "@baijimu/digital-employee-connector",
      "version": "1.0.0",
      "license": "MIT",
      "bin": {
        "baijimu-digital-employee-connector": "bin/baijimu-digital-employee-connector.js"
      },
      "engines": {
        "node": ">=18"
      }
    }
  }
}
